
Microsoft Visual Studio Solution File, Format Version 12.00
# Visual Studio Version 16
VisualStudioVersion = 16.0.33214.272
MinimumVisualStudioVersion = 10.0.40219.1
Project("{FAE04EC0-301F-11D3-BF4B-00C04F79EFBC}") = "Magaz", "Magaz\Magaz.csproj", "{C68C9EB4-74BB-430C-ABF3-939BAE9DAD5A}"
EndProject
Global
	GlobalSection(SolutionConfigurationPlatforms) = preSolution
		Debug|Any CPU = Debug|Any CPU
		Release|Any CPU = Release|Any CPU
	EndGlobalSection
	GlobalSection(ProjectConfigurationPlatforms) = postSolution
		{C68C9EB4-74BB-430C-ABF3-939BAE9DAD5A}.Debug|Any CPU.ActiveCfg = Debug|Any CPU
		{C68C9EB4-74BB-430C-ABF3-939BAE9DAD5A}.Debug|Any CPU.Build.0 = Debug|Any CPU
		{C68C9EB4-74BB-430C-ABF3-939BAE9DAD5A}.Release|Any CPU.ActiveCfg = Release|Any CPU
		{C68C9EB4-74BB-430C-ABF3-939BAE9DAD5A}.Release|Any CPU.Build.0 = Release|Any CPU
	EndGlobalSection
	GlobalSection(SolutionProperties) = preSolution
		HideSolutionNode = FALSE
	EndGlobalSection
	GlobalSection(ExtensibilityGlobals) = postSolution
		SolutionGuid = {279F9F45-95B4-4A48-8859-C4E2255F1676}
	EndGlobalSection
EndGlobal
